Microsoft Visual Studio Solution File, Format Version 12.00
# Visual Studio Version 17
VisualStudioVersion = 17.12.35514.174
MinimumVisualStudioVersion = 10.0.40219.1
Project("{FAE04EC0-301F-11D3-BF4B-00C04F79EFBC}") = "EventManager.AppHost", "EventManager.AppHost\EventManager.AppHost.csproj", "{4AF1E24B-711C-4E2D-9108-3BF390220F36}"
EndProject
Project("{FAE04EC0-301F-11D3-BF4B-00C04F79EFBC}") = "EventManager.ServiceDefaults", "EventManager.ServiceDefaults\EventManager.ServiceDefaults.csproj", "{EA05221D-91E5-425F-A616-B111F9C5028B}"
EndProject
Project("{FAE04EC0-301F-11D3-BF4B-00C04F79EFBC}") = "UserManagement.Api", "EventManager.ApiService\UserManagement.Api.csproj", "{F6901E47-D644-4278-B0E9-34C5A67F4D72}"
EndProject
Project("{FAE04EC0-301F-11D3-BF4B-00C04F79EFBC}") = "EventManager.Web", "EventManager.Web\EventManager.Web.csproj", "{5B793BF6-EF7F-4075-B50B-DB97B9B4DD72}"
EndProject
Project("{FAE04EC0-301F-11D3-BF4B-00C04F79EFBC}") = "EventManager.Tests", "EventManager.Tests\EventManager.Tests.csproj", "{C91198F0-6C81-4B88-B820-837E2825CB3F}"
EndProject
Project("{2150E333-8FDC-42A3-9474-1A3956D46DE8}") = "src", "src", "{C8CCD0F5-7677-4D12-A247-13F007A6C538}"
EndProject
Project("{2150E333-8FDC-42A3-9474-1A3956D46DE8}") = "tests", "tests", "{5823ADDD-C5B8-4805-BF9C-2BDD1FCAF04C}"
EndProject
Project("{FAE04EC0-301F-11D3-BF4B-00C04F79EFBC}") = "EventManager.Api", "EventManager.EventManagementService\EventManager.Api.csproj", "{A716C9CE-22B2-48AE-9C61-62EF33F12E63}"
EndProject
Project("{FAE04EC0-301F-11D3-BF4B-00C04F79EFBC}") = "EventManager.Db", "EventManager.EventManagerDb\EventManager.Db.csproj", "{79F15B67-9CE3-421D-901E-E747C75E8AA0}"
EndProject
Project("{FAE04EC0-301F-11D3-BF4B-00C04F79EFBC}") = "EventManager.DbManager", "EventManager.DbManager\EventManager.DbManager.csproj", "{24D5A6C0-F667-4A32-8DE0-4EBE544FEA5B}"
EndProject
Project("{2150E333-8FDC-42A3-9474-1A3956D46DE8}") = "Services", "Services", "{BC63EAE1-48A0-4B98-9135-4FA8DE89EE07}"
EndProject
Project("{2150E333-8FDC-42A3-9474-1A3956D46DE8}") = "Event", "Event", "{1FBB9EF4-E9E0-485E-94FB-03498C35F397}"
EndProject
Project("{2150E333-8FDC-42A3-9474-1A3956D46DE8}") = "User", "User", "{5FE43EC2-E46A-4A92-A8CE-FACD542732E3}"
EndProject
Project("{2150E333-8FDC-42A3-9474-1A3956D46DE8}") = "Booking", "Booking", "{C06E1F4D-2D1D-4F92-BDAC-45147B8DA376}"
EndProject
Project("{FAE04EC0-301F-11D3-BF4B-00C04F79EFBC}") = "UserManagement.Core", "UserManagement.Core\UserManagement.Core.csproj", "{77C751B5-9EDC-4162-BE23-B72F387E3096}"
EndProject
Project("{FAE04EC0-301F-11D3-BF4B-00C04F79EFBC}") = "UserManagement.Application", "UserManagement.Application\UserManagement.Application.csproj", "{955D10E8-F8BF-4F84-A82C-9EE943100136}"
EndProject
Project("{FAE04EC0-301F-11D3-BF4B-00C04F79EFBC}") = "UserManagement.Infrastructure", "UserManagement.Infrastructure\UserManagement.Infrastructure.csproj", "{FE7F46AA-B848-4744-AD8F-FD842AE4D38E}"
EndProject
Project("{FAE04EC0-301F-11D3-BF4B-00C04F79EFBC}") = "EventManager.Core", "EventManager.Core\EventManager.Core.csproj", "{FD373316-7F7B-4668-99EF-BA434AEC786A}"
EndProject
Project("{FAE04EC0-301F-11D3-BF4B-00C04F79EFBC}") = "EventManager.Application", "EventManager.Application\EventManager.Application.csproj", "{FBBC25AA-39ED-4636-AE3E-A4DE25BA8268}"
EndProject
Project("{FAE04EC0-301F-11D3-BF4B-00C04F79EFBC}") = "EventManager.Infrastructure", "EventManager.Infrastructure\EventManager.Infrastructure.csproj", "{F753F055-B6C5-480E-8326-A912A0840732}"
EndProject
Project("{2150E333-8FDC-42A3-9474-1A3956D46DE8}") = "Cart", "Cart", "{CC52914D-4A53-4D7F-B9F9-47BA40500FE9}"
EndProject
Project("{FAE04EC0-301F-11D3-BF4B-00C04F79EFBC}") = "CartManager.Service", "CartManager.Service\CartManager.Service.csproj", "{03537FA3-49E5-4E3A-995A-939EE13CB701}"
EndProject
Project("{FAE04EC0-301F-11D3-BF4B-00C04F79EFBC}") = "BookingManager.Api", "BookingManager.Api\BookingManager.Api.csproj", "{082F5D78-94B2-4D79-88C5-A1CCADB666FC}"
EndProject
Project("{FAE04EC0-301F-11D3-BF4B-00C04F79EFBC}") = "BookingManager.Core", "BookingManager.Core\BookingManager.Core.csproj", "{D6CCB844-B467-4547-8D2A-ED9E089A79C0}"
EndProject
Project("{FAE04EC0-301F-11D3-BF4B-00C04F79EFBC}") = "BookingManager.Application", "BookingManager.Application\BookingManager.Application.csproj", "{66E019F5-22F3-4FBD-8E85-ED3C86F8768C}"
EndProject
Project("{FAE04EC0-301F-11D3-BF4B-00C04F79EFBC}") = "BookingManager.Infrastructure", "BookingManager.Infrastructure\BookingManager.Infrastructure.csproj", "{94C15362-9084-4312-8CE4-4599001F2BE7}"
EndProject
Global
	GlobalSection(SolutionConfigurationPlatforms) = preSolution
		Debug|Any CPU = Debug|Any CPU
		Release|Any CPU = Release|Any CPU
	EndGlobalSection
	GlobalSection(ProjectConfigurationPlatforms) = postSolution
		{4AF1E24B-711C-4E2D-9108-3BF390220F36}.Debug|Any CPU.ActiveCfg = Debug|Any CPU
		{4AF1E24B-711C-4E2D-9108-3BF390220F36}.Debug|Any CPU.Build.0 = Debug|Any CPU
		{4AF1E24B-711C-4E2D-9108-3BF390220F36}.Release|Any CPU.ActiveCfg = Release|Any CPU
		{4AF1E24B-711C-4E2D-9108-3BF390220F36}.Release|Any CPU.Build.0 = Release|Any CPU
		{EA05221D-91E5-425F-A616-B111F9C5028B}.Debug|Any CPU.ActiveCfg = Debug|Any CPU
		{EA05221D-91E5-425F-A616-B111F9C5028B}.Debug|Any CPU.Build.0 = Debug|Any CPU
		{EA05221D-91E5-425F-A616-B111F9C5028B}.Release|Any CPU.ActiveCfg = Release|Any CPU
		{EA05221D-91E5-425F-A616-B111F9C5028B}.Release|Any CPU.Build.0 = Release|Any CPU
		{F6901E47-D644-4278-B0E9-34C5A67F4D72}.Debug|Any CPU.ActiveCfg = Debug|Any CPU
		{F6901E47-D644-4278-B0E9-34C5A67F4D72}.Debug|Any CPU.Build.0 = Debug|Any CPU
		{F6901E47-D644-4278-B0E9-34C5A67F4D72}.Release|Any CPU.ActiveCfg = Release|Any CPU
		{F6901E47-D644-4278-B0E9-34C5A67F4D72}.Release|Any CPU.Build.0 = Release|Any CPU
		{5B793BF6-EF7F-4075-B50B-DB97B9B4DD72}.Debug|Any CPU.ActiveCfg = Debug|Any CPU
		{5B793BF6-EF7F-4075-B50B-DB97B9B4DD72}.Debug|Any CPU.Build.0 = Debug|Any CPU
		{5B793BF6-EF7F-4075-B50B-DB97B9B4DD72}.Release|Any CPU.ActiveCfg = Release|Any CPU
		{5B793BF6-EF7F-4075-B50B-DB97B9B4DD72}.Release|Any CPU.Build.0 = Release|Any CPU
		{C91198F0-6C81-4B88-B820-837E2825CB3F}.Debug|Any CPU.ActiveCfg = Debug|Any CPU
		{C91198F0-6C81-4B88-B820-837E2825CB3F}.Debug|Any CPU.Build.0 = Debug|Any CPU
		{C91198F0-6C81-4B88-B820-837E2825CB3F}.Release|Any CPU.ActiveCfg = Release|Any CPU
		{C91198F0-6C81-4B88-B820-837E2825CB3F}.Release|Any CPU.Build.0 = Release|Any CPU
		{A716C9CE-22B2-48AE-9C61-62EF33F12E63}.Debug|Any CPU.ActiveCfg = Debug|Any CPU
		{A716C9CE-22B2-48AE-9C61-62EF33F12E63}.Debug|Any CPU.Build.0 = Debug|Any CPU
		{A716C9CE-22B2-48AE-9C61-62EF33F12E63}.Release|Any CPU.ActiveCfg = Release|Any CPU
		{A716C9CE-22B2-48AE-9C61-62EF33F12E63}.Release|Any CPU.Build.0 = Release|Any CPU
		{79F15B67-9CE3-421D-901E-E747C75E8AA0}.Debug|Any CPU.ActiveCfg = Debug|Any CPU
		{79F15B67-9CE3-421D-901E-E747C75E8AA0}.Debug|Any CPU.Build.0 = Debug|Any CPU
		{79F15B67-9CE3-421D-901E-E747C75E8AA0}.Release|Any CPU.ActiveCfg = Release|Any CPU
		{79F15B67-9CE3-421D-901E-E747C75E8AA0}.Release|Any CPU.Build.0 = Release|Any CPU
		{24D5A6C0-F667-4A32-8DE0-4EBE544FEA5B}.Debug|Any CPU.ActiveCfg = Debug|Any CPU
		{24D5A6C0-F667-4A32-8DE0-4EBE544FEA5B}.Debug|Any CPU.Build.0 = Debug|Any CPU
		{24D5A6C0-F667-4A32-8DE0-4EBE544FEA5B}.Release|Any CPU.ActiveCfg = Release|Any CPU
		{24D5A6C0-F667-4A32-8DE0-4EBE544FEA5B}.Release|Any CPU.Build.0 = Release|Any CPU
		{77C751B5-9EDC-4162-BE23-B72F387E3096}.Debug|Any CPU.ActiveCfg = Debug|Any CPU
		{77C751B5-9EDC-4162-BE23-B72F387E3096}.Debug|Any CPU.Build.0 = Debug|Any CPU
		{77C751B5-9EDC-4162-BE23-B72F387E3096}.Release|Any CPU.ActiveCfg = Release|Any CPU
		{77C751B5-9EDC-4162-BE23-B72F387E3096}.Release|Any CPU.Build.0 = Release|Any CPU
		{955D10E8-F8BF-4F84-A82C-9EE943100136}.Debug|Any CPU.ActiveCfg = Debug|Any CPU
		{955D10E8-F8BF-4F84-A82C-9EE943100136}.Debug|Any CPU.Build.0 = Debug|Any CPU
		{955D10E8-F8BF-4F84-A82C-9EE943100136}.Release|Any CPU.ActiveCfg = Release|Any CPU
		{955D10E8-F8BF-4F84-A82C-9EE943100136}.Release|Any CPU.Build.0 = Release|Any CPU
		{FE7F46AA-B848-4744-AD8F-FD842AE4D38E}.Debug|Any CPU.ActiveCfg = Debug|Any CPU
		{FE7F46AA-B848-4744-AD8F-FD842AE4D38E}.Debug|Any CPU.Build.0 = Debug|Any CPU
		{FE7F46AA-B848-4744-AD8F-FD842AE4D38E}.Release|Any CPU.ActiveCfg = Release|Any CPU
		{FE7F46AA-B848-4744-AD8F-FD842AE4D38E}.Release|Any CPU.Build.0 = Release|Any CPU
		{FD373316-7F7B-4668-99EF-BA434AEC786A}.Debug|Any CPU.ActiveCfg = Debug|Any CPU
		{FD373316-7F7B-4668-99EF-BA434AEC786A}.Debug|Any CPU.Build.0 = Debug|Any CPU
		{FD373316-7F7B-4668-99EF-BA434AEC786A}.Release|Any CPU.ActiveCfg = Release|Any CPU
		{FD373316-7F7B-4668-99EF-BA434AEC786A}.Release|Any CPU.Build.0 = Release|Any CPU
		{FBBC25AA-39ED-4636-AE3E-A4DE25BA8268}.Debug|Any CPU.ActiveCfg = Debug|Any CPU
		{FBBC25AA-39ED-4636-AE3E-A4DE25BA8268}.Debug|Any CPU.Build.0 = Debug|Any CPU
		{FBBC25AA-39ED-4636-AE3E-A4DE25BA8268}.Release|Any CPU.ActiveCfg = Release|Any CPU
		{FBBC25AA-39ED-4636-AE3E-A4DE25BA8268}.Release|Any CPU.Build.0 = Release|Any CPU
		{F753F055-B6C5-480E-8326-A912A0840732}.Debug|Any CPU.ActiveCfg = Debug|Any CPU
		{F753F055-B6C5-480E-8326-A912A0840732}.Debug|Any CPU.Build.0 = Debug|Any CPU
		{F753F055-B6C5-480E-8326-A912A0840732}.Release|Any CPU.ActiveCfg = Release|Any CPU
		{F753F055-B6C5-480E-8326-A912A0840732}.Release|Any CPU.Build.0 = Release|Any CPU
		{03537FA3-49E5-4E3A-995A-939EE13CB701}.Debug|Any CPU.ActiveCfg = Debug|Any CPU
		{03537FA3-49E5-4E3A-995A-939EE13CB701}.Debug|Any CPU.Build.0 = Debug|Any CPU
		{03537FA3-49E5-4E3A-995A-939EE13CB701}.Release|Any CPU.ActiveCfg = Release|Any CPU
		{03537FA3-49E5-4E3A-995A-939EE13CB701}.Release|Any CPU.Build.0 = Release|Any CPU
		{082F5D78-94B2-4D79-88C5-A1CCADB666FC}.Debug|Any CPU.ActiveCfg = Debug|Any CPU
		{082F5D78-94B2-4D79-88C5-A1CCADB666FC}.Debug|Any CPU.Build.0 = Debug|Any CPU
		{082F5D78-94B2-4D79-88C5-A1CCADB666FC}.Release|Any CPU.ActiveCfg = Release|Any CPU
		{082F5D78-94B2-4D79-88C5-A1CCADB666FC}.Release|Any CPU.Build.0 = Release|Any CPU
		{D6CCB844-B467-4547-8D2A-ED9E089A79C0}.Debug|Any CPU.ActiveCfg = Debug|Any CPU
		{D6CCB844-B467-4547-8D2A-ED9E089A79C0}.Debug|Any CPU.Build.0 = Debug|Any CPU
		{D6CCB844-B467-4547-8D2A-ED9E089A79C0}.Release|Any CPU.ActiveCfg = Release|Any CPU
		{D6CCB844-B467-4547-8D2A-ED9E089A79C0}.Release|Any CPU.Build.0 = Release|Any CPU
		{66E019F5-22F3-4FBD-8E85-ED3C86F8768C}.Debug|Any CPU.ActiveCfg = Debug|Any CPU
		{66E019F5-22F3-4FBD-8E85-ED3C86F8768C}.Debug|Any CPU.Build.0 = Debug|Any CPU
		{66E019F5-22F3-4FBD-8E85-ED3C86F8768C}.Release|Any CPU.ActiveCfg = Release|Any CPU
		{66E019F5-22F3-4FBD-8E85-ED3C86F8768C}.Release|Any CPU.Build.0 = Release|Any CPU
		{94C15362-9084-4312-8CE4-4599001F2BE7}.Debug|Any CPU.ActiveCfg = Debug|Any CPU
		{94C15362-9084-4312-8CE4-4599001F2BE7}.Debug|Any CPU.Build.0 = Debug|Any CPU
		{94C15362-9084-4312-8CE4-4599001F2BE7}.Release|Any CPU.ActiveCfg = Release|Any CPU
		{94C15362-9084-4312-8CE4-4599001F2BE7}.Release|Any CPU.Build.0 = Release|Any CPU
	EndGlobalSection
	GlobalSection(SolutionProperties) = preSolution
		HideSolutionNode = FALSE
	EndGlobalSection
	GlobalSection(NestedProjects) = preSolution
		{4AF1E24B-711C-4E2D-9108-3BF390220F36} = {C8CCD0F5-7677-4D12-A247-13F007A6C538}
		{EA05221D-91E5-425F-A616-B111F9C5028B} = {C8CCD0F5-7677-4D12-A247-13F007A6C538}
		{F6901E47-D644-4278-B0E9-34C5A67F4D72} = {5FE43EC2-E46A-4A92-A8CE-FACD542732E3}
		{5B793BF6-EF7F-4075-B50B-DB97B9B4DD72} = {C8CCD0F5-7677-4D12-A247-13F007A6C538}
		{C91198F0-6C81-4B88-B820-837E2825CB3F} = {5823ADDD-C5B8-4805-BF9C-2BDD1FCAF04C}
		{A716C9CE-22B2-48AE-9C61-62EF33F12E63} = {1FBB9EF4-E9E0-485E-94FB-03498C35F397}
		{79F15B67-9CE3-421D-901E-E747C75E8AA0} = {C8CCD0F5-7677-4D12-A247-13F007A6C538}
		{24D5A6C0-F667-4A32-8DE0-4EBE544FEA5B} = {C8CCD0F5-7677-4D12-A247-13F007A6C538}
		{BC63EAE1-48A0-4B98-9135-4FA8DE89EE07} = {C8CCD0F5-7677-4D12-A247-13F007A6C538}
		{1FBB9EF4-E9E0-485E-94FB-03498C35F397} = {BC63EAE1-48A0-4B98-9135-4FA8DE89EE07}
		{5FE43EC2-E46A-4A92-A8CE-FACD542732E3} = {BC63EAE1-48A0-4B98-9135-4FA8DE89EE07}
		{C06E1F4D-2D1D-4F92-BDAC-45147B8DA376} = {BC63EAE1-48A0-4B98-9135-4FA8DE89EE07}
		{77C751B5-9EDC-4162-BE23-B72F387E3096} = {5FE43EC2-E46A-4A92-A8CE-FACD542732E3}
		{955D10E8-F8BF-4F84-A82C-9EE943100136} = {5FE43EC2-E46A-4A92-A8CE-FACD542732E3}
		{FE7F46AA-B848-4744-AD8F-FD842AE4D38E} = {5FE43EC2-E46A-4A92-A8CE-FACD542732E3}
		{FD373316-7F7B-4668-99EF-BA434AEC786A} = {1FBB9EF4-E9E0-485E-94FB-03498C35F397}
		{FBBC25AA-39ED-4636-AE3E-A4DE25BA8268} = {1FBB9EF4-E9E0-485E-94FB-03498C35F397}
		{F753F055-B6C5-480E-8326-A912A0840732} = {1FBB9EF4-E9E0-485E-94FB-03498C35F397}
		{CC52914D-4A53-4D7F-B9F9-47BA40500FE9} = {BC63EAE1-48A0-4B98-9135-4FA8DE89EE07}
		{03537FA3-49E5-4E3A-995A-939EE13CB701} = {CC52914D-4A53-4D7F-B9F9-47BA40500FE9}
		{082F5D78-94B2-4D79-88C5-A1CCADB666FC} = {C06E1F4D-2D1D-4F92-BDAC-45147B8DA376}
		{D6CCB844-B467-4547-8D2A-ED9E089A79C0} = {C06E1F4D-2D1D-4F92-BDAC-45147B8DA376}
		{66E019F5-22F3-4FBD-8E85-ED3C86F8768C} = {C06E1F4D-2D1D-4F92-BDAC-45147B8DA376}
		{94C15362-9084-4312-8CE4-4599001F2BE7} = {C06E1F4D-2D1D-4F92-BDAC-45147B8DA376}
	EndGlobalSection
EndGlobal
