Microsoft Visual Studio Solution File, Format Version 12.00
# Visual Studio Version 17
VisualStudioVersion = 17.12.35514.174 d17.12
MinimumVisualStudioVersion = 10.0.40219.1
Project("{FAE04EC0-301F-11D3-BF4B-00C04F79EFBC}") = "EventManager.AppHost", "EventManager.AppHost\EventManager.AppHost.csproj", "{4AF1E24B-711C-4E2D-9108-3BF390220F36}"
EndProject
Project("{FAE04EC0-301F-11D3-BF4B-00C04F79EFBC}") = "EventManager.ServiceDefaults", "EventManager.ServiceDefaults\EventManager.ServiceDefaults.csproj", "{EA05221D-91E5-425F-A616-B111F9C5028B}"
EndProject
Project("{FAE04EC0-301F-11D3-BF4B-00C04F79EFBC}") = "EventManager.ApiService", "EventManager.ApiService\EventManager.ApiService.csproj", "{F6901E47-D644-4278-B0E9-34C5A67F4D72}"
EndProject
Project("{FAE04EC0-301F-11D3-BF4B-00C04F79EFBC}") = "EventManager.Web", "EventManager.Web\EventManager.Web.csproj", "{5B793BF6-EF7F-4075-B50B-DB97B9B4DD72}"
EndProject
Project("{FAE04EC0-301F-11D3-BF4B-00C04F79EFBC}") = "EventManager.Tests", "EventManager.Tests\EventManager.Tests.csproj", "{C91198F0-6C81-4B88-B820-837E2825CB3F}"
EndProject
Global
	GlobalSection(SolutionConfigurationPlatforms) = preSolution
		Debug|Any CPU = Debug|Any CPU
		Release|Any CPU = Release|Any CPU
	EndGlobalSection
	GlobalSection(ProjectConfigurationPlatforms) = postSolution
		{4AF1E24B-711C-4E2D-9108-3BF390220F36}.Debug|Any CPU.ActiveCfg = Debug|Any CPU
		{4AF1E24B-711C-4E2D-9108-3BF390220F36}.Debug|Any CPU.Build.0 = Debug|Any CPU
		{4AF1E24B-711C-4E2D-9108-3BF390220F36}.Release|Any CPU.ActiveCfg = Release|Any CPU
		{4AF1E24B-711C-4E2D-9108-3BF390220F36}.Release|Any CPU.Build.0 = Release|Any CPU
		{EA05221D-91E5-425F-A616-B111F9C5028B}.Debug|Any CPU.ActiveCfg = Debug|Any CPU
		{EA05221D-91E5-425F-A616-B111F9C5028B}.Debug|Any CPU.Build.0 = Debug|Any CPU
		{EA05221D-91E5-425F-A616-B111F9C5028B}.Release|Any CPU.ActiveCfg = Release|Any CPU
		{EA05221D-91E5-425F-A616-B111F9C5028B}.Release|Any CPU.Build.0 = Release|Any CPU
		{F6901E47-D644-4278-B0E9-34C5A67F4D72}.Debug|Any CPU.ActiveCfg = Debug|Any CPU
		{F6901E47-D644-4278-B0E9-34C5A67F4D72}.Debug|Any CPU.Build.0 = Debug|Any CPU
		{F6901E47-D644-4278-B0E9-34C5A67F4D72}.Release|Any CPU.ActiveCfg = Release|Any CPU
		{F6901E47-D644-4278-B0E9-34C5A67F4D72}.Release|Any CPU.Build.0 = Release|Any CPU
		{5B793BF6-EF7F-4075-B50B-DB97B9B4DD72}.Debug|Any CPU.ActiveCfg = Debug|Any CPU
		{5B793BF6-EF7F-4075-B50B-DB97B9B4DD72}.Debug|Any CPU.Build.0 = Debug|Any CPU
		{5B793BF6-EF7F-4075-B50B-DB97B9B4DD72}.Release|Any CPU.ActiveCfg = Release|Any CPU
		{5B793BF6-EF7F-4075-B50B-DB97B9B4DD72}.Release|Any CPU.Build.0 = Release|Any CPU
		{C91198F0-6C81-4B88-B820-837E2825CB3F}.Debug|Any CPU.ActiveCfg = Debug|Any CPU
		{C91198F0-6C81-4B88-B820-837E2825CB3F}.Debug|Any CPU.Build.0 = Debug|Any CPU
		{C91198F0-6C81-4B88-B820-837E2825CB3F}.Release|Any CPU.ActiveCfg = Release|Any CPU
		{C91198F0-6C81-4B88-B820-837E2825CB3F}.Release|Any CPU.Build.0 = Release|Any CPU
	EndGlobalSection
	GlobalSection(SolutionProperties) = preSolution
		HideSolutionNode = FALSE
	EndGlobalSection
EndGlobal
